
Microsoft Visual Studio Solution File, Format Version 12.00
# Visual Studio 15
VisualStudioVersion = 15.0.27703.2035
MinimumVisualStudioVersion = 10.0.40219.1
Project("{FAE04EC0-301F-11D3-BF4B-00C04F79EFBC}") = "SubEquipe1", "SubEquipe1\SubEquipe1.csproj", "{A163E749-39DB-42F0-A398-ACCC499F7B5B}"
EndProject
Global
	GlobalSection(SolutionConfigurationPlatforms) = preSolution
		Debug|Any CPU = Debug|Any CPU
		Release|Any CPU = Release|Any CPU
	EndGlobalSection
	GlobalSection(ProjectConfigurationPlatforms) = postSolution
		{A163E749-39DB-42F0-A398-ACCC499F7B5B}.Debug|Any CPU.ActiveCfg = Debug|Any CPU
		{A163E749-39DB-42F0-A398-ACCC499F7B5B}.Debug|Any CPU.Build.0 = Debug|Any CPU
		{A163E749-39DB-42F0-A398-ACCC499F7B5B}.Release|Any CPU.ActiveCfg = Release|Any CPU
		{A163E749-39DB-42F0-A398-ACCC499F7B5B}.Release|Any CPU.Build.0 = Release|Any CPU
	EndGlobalSection
	GlobalSection(SolutionProperties) = preSolution
		HideSolutionNode = FALSE
	EndGlobalSection
	GlobalSection(ExtensibilityGlobals) = postSolution
		SolutionGuid = {197220C6-93F4-4463-8B47-B6902262EA09}
	EndGlobalSection
EndGlobal
